
Microsoft Visual Studio Solution File, Format Version 12.00
# Visual Studio 2013
VisualStudioVersion = 12.0.31101.0
MinimumVisualStudioVersion = 10.0.40219.1
Project("{FAE04EC0-301F-11D3-BF4B-00C04F79EFBC}") = "StratGatherer", "StratGatherer.csproj", "{43689713-B50B-4C6C-AD8D-4B5C450EDA07}"
EndProject
Project("{FAE04EC0-301F-11D3-BF4B-00C04F79EFBC}") = "StratGatherer.Tests", "..\StratGatherer.Tests\StratGatherer.Tests.csproj", "{21B69BB1-56F3-4980-8E47-FB53658CFFE9}"
EndProject
Global
	GlobalSection(SolutionConfigurationPlatforms) = preSolution
		Debug|Any CPU = Debug|Any CPU
		Release|Any CPU = Release|Any CPU
	EndGlobalSection
	GlobalSection(ProjectConfigurationPlatforms) = postSolution
		{43689713-B50B-4C6C-AD8D-4B5C450EDA07}.Debug|Any CPU.ActiveCfg = Debug|Any CPU
		{43689713-B50B-4C6C-AD8D-4B5C450EDA07}.Debug|Any CPU.Build.0 = Debug|Any CPU
		{43689713-B50B-4C6C-AD8D-4B5C450EDA07}.Release|Any CPU.ActiveCfg = Release|Any CPU
		{43689713-B50B-4C6C-AD8D-4B5C450EDA07}.Release|Any CPU.Build.0 = Release|Any CPU
		{21B69BB1-56F3-4980-8E47-FB53658CFFE9}.Debug|Any CPU.ActiveCfg = Debug|Any CPU
		{21B69BB1-56F3-4980-8E47-FB53658CFFE9}.Debug|Any CPU.Build.0 = Debug|Any CPU
		{21B69BB1-56F3-4980-8E47-FB53658CFFE9}.Release|Any CPU.ActiveCfg = Release|Any CPU
		{21B69BB1-56F3-4980-8E47-FB53658CFFE9}.Release|Any CPU.Build.0 = Release|Any CPU
	EndGlobalSection
	GlobalSection(SolutionProperties) = preSolution
		HideSolutionNode = FALSE
	EndGlobalSection
EndGlobal
